<?xml version="1.0" encoding="utf-8"?>
<Project ToolsVersion="4.0" xmlns="http://schemas.microsoft.com/developer/msbuild/2003">
  <ItemGroup>
    <Filter Include="Source Files">
      <UniqueIdentifier>{4FC737F1-C7A5-4376-A066-2A32D752A2FF}</UniqueIdentifier>
      <Extensions>cpp;c;cc;cxx;def;odl;idl;hpj;bat;asm;asmx</Extensions>
    </Filter>
    <Filter Include="Header Files">
      <UniqueIdentifier>{93995380-89BD-4b04-88EB-625FBE52EBFB}</UniqueIdentifier>
      <Extensions>h;hh;hpp;hxx;hm;inl;inc;xsd</Extensions>
    </Filter>
    <Filter Include="Resource Files">
      <UniqueIdentifier>{67DA6AB6-F800-4c08-8B7A-83BB121AAD01}</UniqueIdentifier>
      <Extensions>rc;ico;cur;bmp;dlg;rc2;rct;bin;rgs;gif;jpg;jpeg;jpe;resx;tiff;tif;png;wav</Extensions>
    </Filter>
  </ItemGroup>
  <ItemGroup>
    <ClCompile Include="src\Input.cpp">
      <Filter>Source Files</Filter>
    </ClCompile>
    <ClCompile Include="src\Key_Bindings.cpp">
      <Filter>Source Files</Filter>
    </ClCompile>
    <ClCompile Include="src\Main.cpp">
      <Filter>Source Files</Filter>
    </ClCompile>
    <ClCompile Include="src\Renderer.cpp">
      <Filter>Source Files</Filter>
    </ClCompile>
    <ClCompile Include="src\Renderer_Vulkan.cpp">
      <Filter>Source Files</Filter>
    </ClCompile>
    <ClCompile Include="src\Settings.cpp">
      <Filter>Source Files</Filter>
    </ClCompile>
    <ClCompile Include="src\UI.cpp">
      <Filter>Source Files</Filter>
    </ClCompile>
    <ClCompile Include="src\Unity_Build.cpp">
      <Filter>Source Files</Filter>
    </ClCompile>
    <ClCompile Include="src\Video_Memory_Allocator.cpp">
      <Filter>Source Files</Filter>
    </ClCompile>
    <ClCompile Include="src\b_lib\clip\clip.cpp">
      <Filter>Source Files</Filter>
    </ClCompile>
    <ClCompile Include="src\b_lib\clip\clip_none.cpp">
      <Filter>Source Files</Filter>
    </ClCompile>
    <ClCompile Include="src\b_lib\clip\clip_win.cpp">
      <Filter>Source Files</Filter>
    </ClCompile>
    <ClCompile Include="src\b_lib\clip\clip_x11.cpp">
      <Filter>Source Files</Filter>
    </ClCompile>
    <ClCompile Include="src\b_lib\clip\image.cpp">
      <Filter>Source Files</Filter>
    </ClCompile>
    <ClCompile Include="src\tracy\TracyClient.cpp">
      <Filter>Source Files</Filter>
    </ClCompile>
    <ClCompile Include="src\tracy\capture\src\capture.cpp">
      <Filter>Source Files</Filter>
    </ClCompile>
    <ClCompile Include="src\tracy\capture\src\getopt.c">
      <Filter>Source Files</Filter>
    </ClCompile>
    <ClCompile Include="src\tracy\client\TracyCallstack.cpp">
      <Filter>Source Files</Filter>
    </ClCompile>
    <ClCompile Include="src\tracy\client\TracyDxt1.cpp">
      <Filter>Source Files</Filter>
    </ClCompile>
    <ClCompile Include="src\tracy\client\TracyProfiler.cpp">
      <Filter>Source Files</Filter>
    </ClCompile>
    <ClCompile Include="src\tracy\client\TracySysTime.cpp">
      <Filter>Source Files</Filter>
    </ClCompile>
    <ClCompile Include="src\tracy\client\TracySysTrace.cpp">
      <Filter>Source Files</Filter>
    </ClCompile>
    <ClCompile Include="src\tracy\client\tracy_rpmalloc.cpp">
      <Filter>Source Files</Filter>
    </ClCompile>
    <ClCompile Include="src\tracy\common\TracySocket.cpp">
      <Filter>Source Files</Filter>
    </ClCompile>
    <ClCompile Include="src\tracy\common\TracySystem.cpp">
      <Filter>Source Files</Filter>
    </ClCompile>
    <ClCompile Include="src\tracy\common\tracy_lz4.cpp">
      <Filter>Source Files</Filter>
    </ClCompile>
    <ClCompile Include="src\tracy\common\tracy_lz4hc.cpp">
      <Filter>Source Files</Filter>
    </ClCompile>
    <ClCompile Include="src\tracy\examples\toypathtracer\source\Maths.cpp">
      <Filter>Source Files</Filter>
    </ClCompile>
    <ClCompile Include="src\tracy\examples\toypathtracer\source\Test.cpp">
      <Filter>Source Files</Filter>
    </ClCompile>
    <ClCompile Include="src\tracy\examples\toypathtracer\source\enkits\TaskScheduler.cpp">
      <Filter>Source Files</Filter>
    </ClCompile>
    <ClCompile Include="src\tracy\examples\toypathtracer\source\enkits\TaskScheduler_c.cpp">
      <Filter>Source Files</Filter>
    </ClCompile>
    <ClCompile Include="src\tracy\examples\toypathtracer\windows\TestWin.cpp">
      <Filter>Source Files</Filter>
    </ClCompile>
    <ClCompile Include="src\tracy\extra\color.cpp">
      <Filter>Source Files</Filter>
    </ClCompile>
    <ClCompile Include="src\tracy\extra\dxt1divtable.c">
      <Filter>Source Files</Filter>
    </ClCompile>
    <ClCompile Include="src\tracy\extra\dxt1table.c">
      <Filter>Source Files</Filter>
    </ClCompile>
    <ClCompile Include="src\tracy\extra\x11_colors.c">
      <Filter>Source Files</Filter>
    </ClCompile>
    <ClCompile Include="src\tracy\extra\systrace\tracy_systrace.c">
      <Filter>Source Files</Filter>
    </ClCompile>
    <ClCompile Include="src\tracy\imgui\imgui.cpp">
      <Filter>Source Files</Filter>
    </ClCompile>
    <ClCompile Include="src\tracy\imgui\imgui_demo.cpp">
      <Filter>Source Files</Filter>
    </ClCompile>
    <ClCompile Include="src\tracy\imgui\imgui_draw.cpp">
      <Filter>Source Files</Filter>
    </ClCompile>
    <ClCompile Include="src\tracy\imgui\imgui_widgets.cpp">
      <Filter>Source Files</Filter>
    </ClCompile>
    <ClCompile Include="src\tracy\imguicolortextedit\TextEditor.cpp">
      <Filter>Source Files</Filter>
    </ClCompile>
    <ClCompile Include="src\tracy\import-chrome\src\import-chrome.cpp">
      <Filter>Source Files</Filter>
    </ClCompile>
    <ClCompile Include="src\tracy\libbacktrace\alloc.cpp">
      <Filter>Source Files</Filter>
    </ClCompile>
    <ClCompile Include="src\tracy\libbacktrace\dwarf.cpp">
      <Filter>Source Files</Filter>
    </ClCompile>
    <ClCompile Include="src\tracy\libbacktrace\elf.cpp">
      <Filter>Source Files</Filter>
    </ClCompile>
    <ClCompile Include="src\tracy\libbacktrace\fileline.cpp">
      <Filter>Source Files</Filter>
    </ClCompile>
    <ClCompile Include="src\tracy\libbacktrace\macho.cpp">
      <Filter>Source Files</Filter>
    </ClCompile>
    <ClCompile Include="src\tracy\libbacktrace\mmapio.cpp">
      <Filter>Source Files</Filter>
    </ClCompile>
    <ClCompile Include="src\tracy\libbacktrace\posix.cpp">
      <Filter>Source Files</Filter>
    </ClCompile>
    <ClCompile Include="src\tracy\libbacktrace\sort.cpp">
      <Filter>Source Files</Filter>
    </ClCompile>
    <ClCompile Include="src\tracy\libbacktrace\state.cpp">
      <Filter>Source Files</Filter>
    </ClCompile>
    <ClCompile Include="src\tracy\nfd\nfd_win.cpp">
      <Filter>Source Files</Filter>
    </ClCompile>
    <ClCompile Include="src\tracy\nfd\nfd_common.c">
      <Filter>Source Files</Filter>
    </ClCompile>
    <ClCompile Include="src\tracy\nfd\nfd_gtk.c">
      <Filter>Source Files</Filter>
    </ClCompile>
    <ClCompile Include="src\tracy\profiler\libs\gl3w\gl\gl3w.c">
      <Filter>Source Files</Filter>
    </ClCompile>
    <ClCompile Include="src\tracy\profiler\src\imgui_freetype.cpp">
      <Filter>Source Files</Filter>
    </ClCompile>
    <ClCompile Include="src\tracy\profiler\src\imgui_impl_glfw.cpp">
      <Filter>Source Files</Filter>
    </ClCompile>
    <ClCompile Include="src\tracy\profiler\src\imgui_impl_opengl3.cpp">
      <Filter>Source Files</Filter>
    </ClCompile>
    <ClCompile Include="src\tracy\profiler\src\main.cpp">
      <Filter>Source Files</Filter>
    </ClCompile>
    <ClCompile Include="src\tracy\profiler\src\ResolvService.cpp">
      <Filter>Source Files</Filter>
    </ClCompile>
    <ClCompile Include="src\tracy\profiler\src\winmain.cpp">
      <Filter>Source Files</Filter>
    </ClCompile>
    <ClCompile Include="src\tracy\profiler\src\winmainArchDiscovery.cpp">
      <Filter>Source Files</Filter>
    </ClCompile>
    <ClCompile Include="src\tracy\server\TracyBadVersion.cpp">
      <Filter>Source Files</Filter>
    </ClCompile>
    <ClCompile Include="src\tracy\server\TracyMemory.cpp">
      <Filter>Source Files</Filter>
    </ClCompile>
    <ClCompile Include="src\tracy\server\TracyMmap.cpp">
      <Filter>Source Files</Filter>
    </ClCompile>
    <ClCompile Include="src\tracy\server\TracyPrint.cpp">
      <Filter>Source Files</Filter>
    </ClCompile>
    <ClCompile Include="src\tracy\server\TracyStorage.cpp">
      <Filter>Source Files</Filter>
    </ClCompile>
    <ClCompile Include="src\tracy\server\TracyTaskDispatch.cpp">
      <Filter>Source Files</Filter>
    </ClCompile>
    <ClCompile Include="src\tracy\server\TracyTexture.cpp">
      <Filter>Source Files</Filter>
    </ClCompile>
    <ClCompile Include="src\tracy\server\TracyThreadCompress.cpp">
      <Filter>Source Files</Filter>
    </ClCompile>
    <ClCompile Include="src\tracy\server\TracyUserData.cpp">
      <Filter>Source Files</Filter>
    </ClCompile>
    <ClCompile Include="src\tracy\server\TracyView.cpp">
      <Filter>Source Files</Filter>
    </ClCompile>
    <ClCompile Include="src\tracy\server\TracyWorker.cpp">
      <Filter>Source Files</Filter>
    </ClCompile>
    <ClCompile Include="src\tracy\server\tracy_xxhash.c">
      <Filter>Source Files</Filter>
    </ClCompile>
    <ClCompile Include="src\tracy\test\test.cpp">
      <Filter>Source Files</Filter>
    </ClCompile>
    <ClCompile Include="src\tracy\update\src\update.cpp">
      <Filter>Source Files</Filter>
    </ClCompile>
    <ClCompile Include="src\tracy\zstd\debug.c">
      <Filter>Source Files</Filter>
    </ClCompile>
    <ClCompile Include="src\tracy\zstd\entropy_common.c">
      <Filter>Source Files</Filter>
    </ClCompile>
    <ClCompile Include="src\tracy\zstd\error_private.c">
      <Filter>Source Files</Filter>
    </ClCompile>
    <ClCompile Include="src\tracy\zstd\fse_compress.c">
      <Filter>Source Files</Filter>
    </ClCompile>
    <ClCompile Include="src\tracy\zstd\fse_decompress.c">
      <Filter>Source Files</Filter>
    </ClCompile>
    <ClCompile Include="src\tracy\zstd\hist.c">
      <Filter>Source Files</Filter>
    </ClCompile>
    <ClCompile Include="src\tracy\zstd\huf_compress.c">
      <Filter>Source Files</Filter>
    </ClCompile>
    <ClCompile Include="src\tracy\zstd\huf_decompress.c">
      <Filter>Source Files</Filter>
    </ClCompile>
    <ClCompile Include="src\tracy\zstd\pool.c">
      <Filter>Source Files</Filter>
    </ClCompile>
    <ClCompile Include="src\tracy\zstd\threading.c">
      <Filter>Source Files</Filter>
    </ClCompile>
    <ClCompile Include="src\tracy\zstd\xxhash.c">
      <Filter>Source Files</Filter>
    </ClCompile>
    <ClCompile Include="src\tracy\zstd\zstdmt_compress.c">
      <Filter>Source Files</Filter>
    </ClCompile>
    <ClCompile Include="src\tracy\zstd\zstd_common.c">
      <Filter>Source Files</Filter>
    </ClCompile>
    <ClCompile Include="src\tracy\zstd\zstd_compress.c">
      <Filter>Source Files</Filter>
    </ClCompile>
    <ClCompile Include="src\tracy\zstd\zstd_compress_literals.c">
      <Filter>Source Files</Filter>
    </ClCompile>
    <ClCompile Include="src\tracy\zstd\zstd_compress_sequences.c">
      <Filter>Source Files</Filter>
    </ClCompile>
    <ClCompile Include="src\tracy\zstd\zstd_compress_superblock.c">
      <Filter>Source Files</Filter>
    </ClCompile>
    <ClCompile Include="src\tracy\zstd\zstd_ddict.c">
      <Filter>Source Files</Filter>
    </ClCompile>
    <ClCompile Include="src\tracy\zstd\zstd_decompress.c">
      <Filter>Source Files</Filter>
    </ClCompile>
    <ClCompile Include="src\tracy\zstd\zstd_decompress_block.c">
      <Filter>Source Files</Filter>
    </ClCompile>
    <ClCompile Include="src\tracy\zstd\zstd_double_fast.c">
      <Filter>Source Files</Filter>
    </ClCompile>
    <ClCompile Include="src\tracy\zstd\zstd_fast.c">
      <Filter>Source Files</Filter>
    </ClCompile>
    <ClCompile Include="src\tracy\zstd\zstd_lazy.c">
      <Filter>Source Files</Filter>
    </ClCompile>
    <ClCompile Include="src\tracy\zstd\zstd_ldm.c">
      <Filter>Source Files</Filter>
    </ClCompile>
    <ClCompile Include="src\tracy\zstd\zstd_opt.c">
      <Filter>Source Files</Filter>
    </ClCompile>
  </ItemGroup>
  <ItemGroup>
    <ClInclude Include="src\Ease_Functions.h">
      <Filter>Header Files</Filter>
    </ClInclude>
    <ClInclude Include="src\Input.h">
      <Filter>Header Files</Filter>
    </ClInclude>
    <ClInclude Include="src\Key_Bindings.h">
      <Filter>Header Files</Filter>
    </ClInclude>
    <ClInclude Include="src\Main.h">
      <Filter>Header Files</Filter>
    </ClInclude>
    <ClInclude Include="src\Renderer.h">
      <Filter>Header Files</Filter>
    </ClInclude>
    <ClInclude Include="src\Renderer_Vulkan.h">
      <Filter>Header Files</Filter>
    </ClInclude>
    <ClInclude Include="src\Settings.h">
      <Filter>Header Files</Filter>
    </ClInclude>
    <ClInclude Include="src\stb_image.h">
      <Filter>Header Files</Filter>
    </ClInclude>
    <ClInclude Include="src\Tracy_Header.h">
      <Filter>Header Files</Filter>
    </ClInclude>
    <ClInclude Include="src\UI.h">
      <Filter>Header Files</Filter>
    </ClInclude>
    <ClInclude Include="src\Video_Memory_Allocator.h">
      <Filter>Header Files</Filter>
    </ClInclude>
    <ClInclude Include="src\b_lib\Allocator.h">
      <Filter>Header Files</Filter>
    </ClInclude>
    <ClInclude Include="src\b_lib\Arena_Allocator.h">
      <Filter>Header Files</Filter>
    </ClInclude>
    <ClInclude Include="src\b_lib\Array_Map.h">
      <Filter>Header Files</Filter>
    </ClInclude>
    <ClInclude Include="src\b_lib\Basic.h">
      <Filter>Header Files</Filter>
    </ClInclude>
    <ClInclude Include="src\b_lib\Bucket_Array.h">
      <Filter>Header Files</Filter>
    </ClInclude>
    <ClInclude Include="src\b_lib\Collection.h">
      <Filter>Header Files</Filter>
    </ClInclude>
    <ClInclude Include="src\b_lib\Color.h">
      <Filter>Header Files</Filter>
    </ClInclude>
    <ClInclude Include="src\b_lib\Context.h">
      <Filter>Header Files</Filter>
    </ClInclude>
    <ClInclude Include="src\b_lib\Cursor.h">
      <Filter>Header Files</Filter>
    </ClInclude>
    <ClInclude Include="src\b_lib\Dynamic_Array.h">
      <Filter>Header Files</Filter>
    </ClInclude>
    <ClInclude Include="src\b_lib\File.h">
      <Filter>Header Files</Filter>
    </ClInclude>
    <ClInclude Include="src\b_lib\Font.h">
      <Filter>Header Files</Filter>
    </ClInclude>
    <ClInclude Include="src\b_lib\Format_String.h">
      <Filter>Header Files</Filter>
    </ClInclude>
    <ClInclude Include="src\b_lib\Hash.h">
      <Filter>Header Files</Filter>
    </ClInclude>
    <ClInclude Include="src\b_lib\Hash_Map.h">
      <Filter>Header Files</Filter>
    </ClInclude>
    <ClInclude Include="src\b_lib\Log.h">
      <Filter>Header Files</Filter>
    </ClInclude>
    <ClInclude Include="src\b_lib\Math.h">
      <Filter>Header Files</Filter>
    </ClInclude>
    <ClInclude Include="src\b_lib\OS_Clipboard.h">
      <Filter>Header Files</Filter>
    </ClInclude>
    <ClInclude Include="src\b_lib\Reflection.h">
      <Filter>Header Files</Filter>
    </ClInclude>
    <ClInclude Include="src\b_lib\String.h">
      <Filter>Header Files</Filter>
    </ClInclude>
    <ClInclude Include="src\b_lib\String_Builder.h">
      <Filter>Header Files</Filter>
    </ClInclude>
    <ClInclude Include="src\b_lib\String_Conversion.h">
      <Filter>Header Files</Filter>
    </ClInclude>
    <ClInclude Include="src\b_lib\Text_Editor.h">
      <Filter>Header Files</Filter>
    </ClInclude>
    <ClInclude Include="src\b_lib\Threading.h">
      <Filter>Header Files</Filter>
    </ClInclude>
    <ClInclude Include="src\b_lib\Time_Measurer.h">
      <Filter>Header Files</Filter>
    </ClInclude>
    <ClInclude Include="src\b_lib\Tokenizer.h">
      <Filter>Header Files</Filter>
    </ClInclude>
    <ClInclude Include="src\b_lib\Tree.h">
      <Filter>Header Files</Filter>
    </ClInclude>
    <ClInclude Include="src\b_lib\UUID.h">
      <Filter>Header Files</Filter>
    </ClInclude>
    <ClInclude Include="src\b_lib\Windows_Cursor.h">
      <Filter>Header Files</Filter>
    </ClInclude>
    <ClInclude Include="src\b_lib\clip\clip.h">
      <Filter>Header Files</Filter>
    </ClInclude>
    <ClInclude Include="src\b_lib\clip\clip_common.h">
      <Filter>Header Files</Filter>
    </ClInclude>
    <ClInclude Include="src\b_lib\clip\clip_lock_impl.h">
      <Filter>Header Files</Filter>
    </ClInclude>
    <ClInclude Include="src\b_lib\clip\clip_x11_png.h">
      <Filter>Header Files</Filter>
    </ClInclude>
    <ClInclude Include="src\b_lib\ft\ft2build.h">
      <Filter>Header Files</Filter>
    </ClInclude>
    <ClInclude Include="src\b_lib\ft\freetype\freetype.h">
      <Filter>Header Files</Filter>
    </ClInclude>
    <ClInclude Include="src\b_lib\ft\freetype\ftadvanc.h">
      <Filter>Header Files</Filter>
    </ClInclude>
    <ClInclude Include="src\b_lib\ft\freetype\ftbbox.h">
      <Filter>Header Files</Filter>
    </ClInclude>
    <ClInclude Include="src\b_lib\ft\freetype\ftbdf.h">
      <Filter>Header Files</Filter>
    </ClInclude>
    <ClInclude Include="src\b_lib\ft\freetype\ftbitmap.h">
      <Filter>Header Files</Filter>
    </ClInclude>
    <ClInclude Include="src\b_lib\ft\freetype\ftbzip2.h">
      <Filter>Header Files</Filter>
    </ClInclude>
    <ClInclude Include="src\b_lib\ft\freetype\ftcache.h">
      <Filter>Header Files</Filter>
    </ClInclude>
    <ClInclude Include="src\b_lib\ft\freetype\ftchapters.h">
      <Filter>Header Files</Filter>
    </ClInclude>
    <ClInclude Include="src\b_lib\ft\freetype\ftcid.h">
      <Filter>Header Files</Filter>
    </ClInclude>
    <ClInclude Include="src\b_lib\ft\freetype\ftdriver.h">
      <Filter>Header Files</Filter>
    </ClInclude>
    <ClInclude Include="src\b_lib\ft\freetype\fterrdef.h">
      <Filter>Header Files</Filter>
    </ClInclude>
    <ClInclude Include="src\b_lib\ft\freetype\fterrors.h">
      <Filter>Header Files</Filter>
    </ClInclude>
    <ClInclude Include="src\b_lib\ft\freetype\ftfntfmt.h">
      <Filter>Header Files</Filter>
    </ClInclude>
    <ClInclude Include="src\b_lib\ft\freetype\ftgasp.h">
      <Filter>Header Files</Filter>
    </ClInclude>
    <ClInclude Include="src\b_lib\ft\freetype\ftglyph.h">
      <Filter>Header Files</Filter>
    </ClInclude>
    <ClInclude Include="src\b_lib\ft\freetype\ftgxval.h">
      <Filter>Header Files</Filter>
    </ClInclude>
    <ClInclude Include="src\b_lib\ft\freetype\ftgzip.h">
      <Filter>Header Files</Filter>
    </ClInclude>
    <ClInclude Include="src\b_lib\ft\freetype\ftimage.h">
      <Filter>Header Files</Filter>
    </ClInclude>
    <ClInclude Include="src\b_lib\ft\freetype\ftincrem.h">
      <Filter>Header Files</Filter>
    </ClInclude>
    <ClInclude Include="src\b_lib\ft\freetype\ftlcdfil.h">
      <Filter>Header Files</Filter>
    </ClInclude>
    <ClInclude Include="src\b_lib\ft\freetype\ftlist.h">
      <Filter>Header Files</Filter>
    </ClInclude>
    <ClInclude Include="src\b_lib\ft\freetype\ftlzw.h">
      <Filter>Header Files</Filter>
    </ClInclude>
    <ClInclude Include="src\b_lib\ft\freetype\ftmac.h">
      <Filter>Header Files</Filter>
    </ClInclude>
    <ClInclude Include="src\b_lib\ft\freetype\ftmm.h">
      <Filter>Header Files</Filter>
    </ClInclude>
    <ClInclude Include="src\b_lib\ft\freetype\ftmodapi.h">
      <Filter>Header Files</Filter>
    </ClInclude>
    <ClInclude Include="src\b_lib\ft\freetype\ftmoderr.h">
      <Filter>Header Files</Filter>
    </ClInclude>
    <ClInclude Include="src\b_lib\ft\freetype\ftotval.h">
      <Filter>Header Files</Filter>
    </ClInclude>
    <ClInclude Include="src\b_lib\ft\freetype\ftoutln.h">
      <Filter>Header Files</Filter>
    </ClInclude>
    <ClInclude Include="src\b_lib\ft\freetype\ftparams.h">
      <Filter>Header Files</Filter>
    </ClInclude>
    <ClInclude Include="src\b_lib\ft\freetype\ftpfr.h">
      <Filter>Header Files</Filter>
    </ClInclude>
    <ClInclude Include="src\b_lib\ft\freetype\ftrender.h">
      <Filter>Header Files</Filter>
    </ClInclude>
    <ClInclude Include="src\b_lib\ft\freetype\ftsizes.h">
      <Filter>Header Files</Filter>
    </ClInclude>
    <ClInclude Include="src\b_lib\ft\freetype\ftsnames.h">
      <Filter>Header Files</Filter>
    </ClInclude>
    <ClInclude Include="src\b_lib\ft\freetype\ftstroke.h">
      <Filter>Header Files</Filter>
    </ClInclude>
    <ClInclude Include="src\b_lib\ft\freetype\ftsynth.h">
      <Filter>Header Files</Filter>
    </ClInclude>
    <ClInclude Include="src\b_lib\ft\freetype\ftsystem.h">
      <Filter>Header Files</Filter>
    </ClInclude>
    <ClInclude Include="src\b_lib\ft\freetype\fttrigon.h">
      <Filter>Header Files</Filter>
    </ClInclude>
    <ClInclude Include="src\b_lib\ft\freetype\fttypes.h">
      <Filter>Header Files</Filter>
    </ClInclude>
    <ClInclude Include="src\b_lib\ft\freetype\ftwinfnt.h">
      <Filter>Header Files</Filter>
    </ClInclude>
    <ClInclude Include="src\b_lib\ft\freetype\t1tables.h">
      <Filter>Header Files</Filter>
    </ClInclude>
    <ClInclude Include="src\b_lib\ft\freetype\ttnameid.h">
      <Filter>Header Files</Filter>
    </ClInclude>
    <ClInclude Include="src\b_lib\ft\freetype\tttables.h">
      <Filter>Header Files</Filter>
    </ClInclude>
    <ClInclude Include="src\b_lib\ft\freetype\tttags.h">
      <Filter>Header Files</Filter>
    </ClInclude>
    <ClInclude Include="src\b_lib\ft\freetype\config\ftconfig.h">
      <Filter>Header Files</Filter>
    </ClInclude>
    <ClInclude Include="src\b_lib\ft\freetype\config\ftheader.h">
      <Filter>Header Files</Filter>
    </ClInclude>
    <ClInclude Include="src\b_lib\ft\freetype\config\ftmodule.h">
      <Filter>Header Files</Filter>
    </ClInclude>
    <ClInclude Include="src\b_lib\ft\freetype\config\ftoption.h">
      <Filter>Header Files</Filter>
    </ClInclude>
    <ClInclude Include="src\b_lib\ft\freetype\config\ftstdlib.h">
      <Filter>Header Files</Filter>
    </ClInclude>
    <ClInclude Include="src\b_lib\icu\unicode\alphaindex.h">
      <Filter>Header Files</Filter>
    </ClInclude>
    <ClInclude Include="src\b_lib\icu\unicode\appendable.h">
      <Filter>Header Files</Filter>
    </ClInclude>
    <ClInclude Include="src\b_lib\icu\unicode\basictz.h">
      <Filter>Header Files</Filter>
    </ClInclude>
    <ClInclude Include="src\b_lib\icu\unicode\brkiter.h">
      <Filter>Header Files</Filter>
    </ClInclude>
    <ClInclude Include="src\b_lib\icu\unicode\bytestream.h">
      <Filter>Header Files</Filter>
    </ClInclude>
    <ClInclude Include="src\b_lib\icu\unicode\bytestrie.h">
      <Filter>Header Files</Filter>
    </ClInclude>
    <ClInclude Include="src\b_lib\icu\unicode\bytestriebuilder.h">
      <Filter>Header Files</Filter>
    </ClInclude>
    <ClInclude Include="src\b_lib\icu\unicode\calendar.h">
      <Filter>Header Files</Filter>
    </ClInclude>
    <ClInclude Include="src\b_lib\icu\unicode\caniter.h">
      <Filter>Header Files</Filter>
    </ClInclude>
    <ClInclude Include="src\b_lib\icu\unicode\casemap.h">
      <Filter>Header Files</Filter>
    </ClInclude>
    <ClInclude Include="src\b_lib\icu\unicode\char16ptr.h">
      <Filter>Header Files</Filter>
    </ClInclude>
    <ClInclude Include="src\b_lib\icu\unicode\chariter.h">
      <Filter>Header Files</Filter>
    </ClInclude>
    <ClInclude Include="src\b_lib\icu\unicode\choicfmt.h">
      <Filter>Header Files</Filter>
    </ClInclude>
    <ClInclude Include="src\b_lib\icu\unicode\coleitr.h">
      <Filter>Header Files</Filter>
    </ClInclude>
    <ClInclude Include="src\b_lib\icu\unicode\coll.h">
      <Filter>Header Files</Filter>
    </ClInclude>
    <ClInclude Include="src\b_lib\icu\unicode\compactdecimalformat.h">
      <Filter>Header Files</Filter>
    </ClInclude>
    <ClInclude Include="src\b_lib\icu\unicode\curramt.h">
      <Filter>Header Files</Filter>
    </ClInclude>
    <ClInclude Include="src\b_lib\icu\unicode\currpinf.h">
      <Filter>Header Files</Filter>
    </ClInclude>
    <ClInclude Include="src\b_lib\icu\unicode\currunit.h">
      <Filter>Header Files</Filter>
    </ClInclude>
    <ClInclude Include="src\b_lib\icu\unicode\datefmt.h">
      <Filter>Header Files</Filter>
    </ClInclude>
    <ClInclude Include="src\b_lib\icu\unicode\dbbi.h">
      <Filter>Header Files</Filter>
    </ClInclude>
    <ClInclude Include="src\b_lib\icu\unicode\dcfmtsym.h">
      <Filter>Header Files</Filter>
    </ClInclude>
    <ClInclude Include="src\b_lib\icu\unicode\decimfmt.h">
      <Filter>Header Files</Filter>
    </ClInclude>
    <ClInclude Include="src\b_lib\icu\unicode\docmain.h">
      <Filter>Header Files</Filter>
    </ClInclude>
    <ClInclude Include="src\b_lib\icu\unicode\dtfmtsym.h">
      <Filter>Header Files</Filter>
    </ClInclude>
    <ClInclude Include="src\b_lib\icu\unicode\dtintrv.h">
      <Filter>Header Files</Filter>
    </ClInclude>
    <ClInclude Include="src\b_lib\icu\unicode\dtitvfmt.h">
      <Filter>Header Files</Filter>
    </ClInclude>
    <ClInclude Include="src\b_lib\icu\unicode\dtitvinf.h">
      <Filter>Header Files</Filter>
    </ClInclude>
    <ClInclude Include="src\b_lib\icu\unicode\dtptngen.h">
      <Filter>Header Files</Filter>
    </ClInclude>
    <ClInclude Include="src\b_lib\icu\unicode\dtrule.h">
      <Filter>Header Files</Filter>
    </ClInclude>
    <ClInclude Include="src\b_lib\icu\unicode\edits.h">
      <Filter>Header Files</Filter>
    </ClInclude>
    <ClInclude Include="src\b_lib\icu\unicode\enumset.h">
      <Filter>Header Files</Filter>
    </ClInclude>
    <ClInclude Include="src\b_lib\icu\unicode\errorcode.h">
      <Filter>Header Files</Filter>
    </ClInclude>
    <ClInclude Include="src\b_lib\icu\unicode\fieldpos.h">
      <Filter>Header Files</Filter>
    </ClInclude>
    <ClInclude Include="src\b_lib\icu\unicode\filteredbrk.h">
      <Filter>Header Files</Filter>
    </ClInclude>
    <ClInclude Include="src\b_lib\icu\unicode\fmtable.h">
      <Filter>Header Files</Filter>
    </ClInclude>
    <ClInclude Include="src\b_lib\icu\unicode\format.h">
      <Filter>Header Files</Filter>
    </ClInclude>
    <ClInclude Include="src\b_lib\icu\unicode\formattedvalue.h">
      <Filter>Header Files</Filter>
    </ClInclude>
    <ClInclude Include="src\b_lib\icu\unicode\fpositer.h">
      <Filter>Header Files</Filter>
    </ClInclude>
    <ClInclude Include="src\b_lib\icu\unicode\gender.h">
      <Filter>Header Files</Filter>
    </ClInclude>
    <ClInclude Include="src\b_lib\icu\unicode\gregocal.h">
      <Filter>Header Files</Filter>
    </ClInclude>
    <ClInclude Include="src\b_lib\icu\unicode\icudataver.h">
      <Filter>Header Files</Filter>
    </ClInclude>
    <ClInclude Include="src\b_lib\icu\unicode\icuplug.h">
      <Filter>Header Files</Filter>
    </ClInclude>
    <ClInclude Include="src\b_lib\icu\unicode\idna.h">
      <Filter>Header Files</Filter>
    </ClInclude>
    <ClInclude Include="src\b_lib\icu\unicode\listformatter.h">
      <Filter>Header Files</Filter>
    </ClInclude>
    <ClInclude Include="src\b_lib\icu\unicode\localebuilder.h">
      <Filter>Header Files</Filter>
    </ClInclude>
    <ClInclude Include="src\b_lib\icu\unicode\localematcher.h">
      <Filter>Header Files</Filter>
    </ClInclude>
    <ClInclude Include="src\b_lib\icu\unicode\localpointer.h">
      <Filter>Header Files</Filter>
    </ClInclude>
    <ClInclude Include="src\b_lib\icu\unicode\locdspnm.h">
      <Filter>Header Files</Filter>
    </ClInclude>
    <ClInclude Include="src\b_lib\icu\unicode\locid.h">
      <Filter>Header Files</Filter>
    </ClInclude>
    <ClInclude Include="src\b_lib\icu\unicode\measfmt.h">
      <Filter>Header Files</Filter>
    </ClInclude>
    <ClInclude Include="src\b_lib\icu\unicode\measunit.h">
      <Filter>Header Files</Filter>
    </ClInclude>
    <ClInclude Include="src\b_lib\icu\unicode\measure.h">
      <Filter>Header Files</Filter>
    </ClInclude>
    <ClInclude Include="src\b_lib\icu\unicode\messagepattern.h">
      <Filter>Header Files</Filter>
    </ClInclude>
    <ClInclude Include="src\b_lib\icu\unicode\msgfmt.h">
      <Filter>Header Files</Filter>
    </ClInclude>
    <ClInclude Include="src\b_lib\icu\unicode\normalizer2.h">
      <Filter>Header Files</Filter>
    </ClInclude>
    <ClInclude Include="src\b_lib\icu\unicode\normlzr.h">
      <Filter>Header Files</Filter>
    </ClInclude>
    <ClInclude Include="src\b_lib\icu\unicode\nounit.h">
      <Filter>Header Files</Filter>
    </ClInclude>
    <ClInclude Include="src\b_lib\icu\unicode\numberformatter.h">
      <Filter>Header Files</Filter>
    </ClInclude>
    <ClInclude Include="src\b_lib\icu\unicode\numberrangeformatter.h">
      <Filter>Header Files</Filter>
    </ClInclude>
    <ClInclude Include="src\b_lib\icu\unicode\numfmt.h">
      <Filter>Header Files</Filter>
    </ClInclude>
    <ClInclude Include="src\b_lib\icu\unicode\numsys.h">
      <Filter>Header Files</Filter>
    </ClInclude>
    <ClInclude Include="src\b_lib\icu\unicode\parseerr.h">
      <Filter>Header Files</Filter>
    </ClInclude>
    <ClInclude Include="src\b_lib\icu\unicode\parsepos.h">
      <Filter>Header Files</Filter>
    </ClInclude>
    <ClInclude Include="src\b_lib\icu\unicode\platform.h">
      <Filter>Header Files</Filter>
    </ClInclude>
    <ClInclude Include="src\b_lib\icu\unicode\plurfmt.h">
      <Filter>Header Files</Filter>
    </ClInclude>
    <ClInclude Include="src\b_lib\icu\unicode\plurrule.h">
      <Filter>Header Files</Filter>
    </ClInclude>
    <ClInclude Include="src\b_lib\icu\unicode\ptypes.h">
      <Filter>Header Files</Filter>
    </ClInclude>
    <ClInclude Include="src\b_lib\icu\unicode\putil.h">
      <Filter>Header Files</Filter>
    </ClInclude>
    <ClInclude Include="src\b_lib\icu\unicode\rbbi.h">
      <Filter>Header Files</Filter>
    </ClInclude>
    <ClInclude Include="src\b_lib\icu\unicode\rbnf.h">
      <Filter>Header Files</Filter>
    </ClInclude>
    <ClInclude Include="src\b_lib\icu\unicode\rbtz.h">
      <Filter>Header Files</Filter>
    </ClInclude>
    <ClInclude Include="src\b_lib\icu\unicode\regex.h">
      <Filter>Header Files</Filter>
    </ClInclude>
    <ClInclude Include="src\b_lib\icu\unicode\region.h">
      <Filter>Header Files</Filter>
    </ClInclude>
    <ClInclude Include="src\b_lib\icu\unicode\reldatefmt.h">
      <Filter>Header Files</Filter>
    </ClInclude>
    <ClInclude Include="src\b_lib\icu\unicode\rep.h">
      <Filter>Header Files</Filter>
    </ClInclude>
    <ClInclude Include="src\b_lib\icu\unicode\resbund.h">
      <Filter>Header Files</Filter>
    </ClInclude>
    <ClInclude Include="src\b_lib\icu\unicode\schriter.h">
      <Filter>Header Files</Filter>
    </ClInclude>
    <ClInclude Include="src\b_lib\icu\unicode\scientificnumberformatter.h">
      <Filter>Header Files</Filter>
    </ClInclude>
    <ClInclude Include="src\b_lib\icu\unicode\search.h">
      <Filter>Header Files</Filter>
    </ClInclude>
    <ClInclude Include="src\b_lib\icu\unicode\selfmt.h">
      <Filter>Header Files</Filter>
    </ClInclude>
    <ClInclude Include="src\b_lib\icu\unicode\simpleformatter.h">
      <Filter>Header Files</Filter>
    </ClInclude>
    <ClInclude Include="src\b_lib\icu\unicode\simpletz.h">
      <Filter>Header Files</Filter>
    </ClInclude>
    <ClInclude Include="src\b_lib\icu\unicode\smpdtfmt.h">
      <Filter>Header Files</Filter>
    </ClInclude>
    <ClInclude Include="src\b_lib\icu\unicode\sortkey.h">
      <Filter>Header Files</Filter>
    </ClInclude>
    <ClInclude Include="src\b_lib\icu\unicode\std_string.h">
      <Filter>Header Files</Filter>
    </ClInclude>
    <ClInclude Include="src\b_lib\icu\unicode\strenum.h">
      <Filter>Header Files</Filter>
    </ClInclude>
    <ClInclude Include="src\b_lib\icu\unicode\stringoptions.h">
      <Filter>Header Files</Filter>
    </ClInclude>
    <ClInclude Include="src\b_lib\icu\unicode\stringpiece.h">
      <Filter>Header Files</Filter>
    </ClInclude>
    <ClInclude Include="src\b_lib\icu\unicode\stringtriebuilder.h">
      <Filter>Header Files</Filter>
    </ClInclude>
    <ClInclude Include="src\b_lib\icu\unicode\stsearch.h">
      <Filter>Header Files</Filter>
    </ClInclude>
    <ClInclude Include="src\b_lib\icu\unicode\symtable.h">
      <Filter>Header Files</Filter>
    </ClInclude>
    <ClInclude Include="src\b_lib\icu\unicode\tblcoll.h">
      <Filter>Header Files</Filter>
    </ClInclude>
    <ClInclude Include="src\b_lib\icu\unicode\timezone.h">
      <Filter>Header Files</Filter>
    </ClInclude>
    <ClInclude Include="src\b_lib\icu\unicode\tmunit.h">
      <Filter>Header Files</Filter>
    </ClInclude>
    <ClInclude Include="src\b_lib\icu\unicode\tmutamt.h">
      <Filter>Header Files</Filter>
    </ClInclude>
    <ClInclude Include="src\b_lib\icu\unicode\tmutfmt.h">
      <Filter>Header Files</Filter>
    </ClInclude>
    <ClInclude Include="src\b_lib\icu\unicode\translit.h">
      <Filter>Header Files</Filter>
    </ClInclude>
    <ClInclude Include="src\b_lib\icu\unicode\tzfmt.h">
      <Filter>Header Files</Filter>
    </ClInclude>
    <ClInclude Include="src\b_lib\icu\unicode\tznames.h">
      <Filter>Header Files</Filter>
    </ClInclude>
    <ClInclude Include="src\b_lib\icu\unicode\tzrule.h">
      <Filter>Header Files</Filter>
    </ClInclude>
    <ClInclude Include="src\b_lib\icu\unicode\tztrans.h">
      <Filter>Header Files</Filter>
    </ClInclude>
    <ClInclude Include="src\b_lib\icu\unicode\ubidi.h">
      <Filter>Header Files</Filter>
    </ClInclude>
    <ClInclude Include="src\b_lib\icu\unicode\ubiditransform.h">
      <Filter>Header Files</Filter>
    </ClInclude>
    <ClInclude Include="src\b_lib\icu\unicode\ubrk.h">
      <Filter>Header Files</Filter>
    </ClInclude>
    <ClInclude Include="src\b_lib\icu\unicode\ucal.h">
      <Filter>Header Files</Filter>
    </ClInclude>
    <ClInclude Include="src\b_lib\icu\unicode\ucasemap.h">
      <Filter>Header Files</Filter>
    </ClInclude>
    <ClInclude Include="src\b_lib\icu\unicode\ucat.h">
      <Filter>Header Files</Filter>
    </ClInclude>
    <ClInclude Include="src\b_lib\icu\unicode\uchar.h">
      <Filter>Header Files</Filter>
    </ClInclude>
    <ClInclude Include="src\b_lib\icu\unicode\ucharstrie.h">
      <Filter>Header Files</Filter>
    </ClInclude>
    <ClInclude Include="src\b_lib\icu\unicode\ucharstriebuilder.h">
      <Filter>Header Files</Filter>
    </ClInclude>
    <ClInclude Include="src\b_lib\icu\unicode\uchriter.h">
      <Filter>Header Files</Filter>
    </ClInclude>
    <ClInclude Include="src\b_lib\icu\unicode\uclean.h">
      <Filter>Header Files</Filter>
    </ClInclude>
    <ClInclude Include="src\b_lib\icu\unicode\ucnv.h">
      <Filter>Header Files</Filter>
    </ClInclude>
    <ClInclude Include="src\b_lib\icu\unicode\ucnvsel.h">
      <Filter>Header Files</Filter>
    </ClInclude>
    <ClInclude Include="src\b_lib\icu\unicode\ucnv_cb.h">
      <Filter>Header Files</Filter>
    </ClInclude>
    <ClInclude Include="src\b_lib\icu\unicode\ucnv_err.h">
      <Filter>Header Files</Filter>
    </ClInclude>
    <ClInclude Include="src\b_lib\icu\unicode\ucol.h">
      <Filter>Header Files</Filter>
    </ClInclude>
    <ClInclude Include="src\b_lib\icu\unicode\ucoleitr.h">
      <Filter>Header Files</Filter>
    </ClInclude>
    <ClInclude Include="src\b_lib\icu\unicode\uconfig.h">
      <Filter>Header Files</Filter>
    </ClInclude>
    <ClInclude Include="src\b_lib\icu\unicode\ucpmap.h">
      <Filter>Header Files</Filter>
    </ClInclude>
    <ClInclude Include="src\b_lib\icu\unicode\ucptrie.h">
      <Filter>Header Files</Filter>
    </ClInclude>
    <ClInclude Include="src\b_lib\icu\unicode\ucsdet.h">
      <Filter>Header Files</Filter>
    </ClInclude>
    <ClInclude Include="src\b_lib\icu\unicode\ucurr.h">
      <Filter>Header Files</Filter>
    </ClInclude>
    <ClInclude Include="src\b_lib\icu\unicode\udat.h">
      <Filter>Header Files</Filter>
    </ClInclude>
    <ClInclude Include="src\b_lib\icu\unicode\udata.h">
      <Filter>Header Files</Filter>
    </ClInclude>
    <ClInclude Include="src\b_lib\icu\unicode\udateintervalformat.h">
      <Filter>Header Files</Filter>
    </ClInclude>
    <ClInclude Include="src\b_lib\icu\unicode\udatpg.h">
      <Filter>Header Files</Filter>
    </ClInclude>
    <ClInclude Include="src\b_lib\icu\unicode\udisplaycontext.h">
      <Filter>Header Files</Filter>
    </ClInclude>
    <ClInclude Include="src\b_lib\icu\unicode\uenum.h">
      <Filter>Header Files</Filter>
    </ClInclude>
    <ClInclude Include="src\b_lib\icu\unicode\ufieldpositer.h">
      <Filter>Header Files</Filter>
    </ClInclude>
    <ClInclude Include="src\b_lib\icu\unicode\uformattable.h">
      <Filter>Header Files</Filter>
    </ClInclude>
    <ClInclude Include="src\b_lib\icu\unicode\uformattedvalue.h">
      <Filter>Header Files</Filter>
    </ClInclude>
    <ClInclude Include="src\b_lib\icu\unicode\ugender.h">
      <Filter>Header Files</Filter>
    </ClInclude>
    <ClInclude Include="src\b_lib\icu\unicode\uidna.h">
      <Filter>Header Files</Filter>
    </ClInclude>
    <ClInclude Include="src\b_lib\icu\unicode\uiter.h">
      <Filter>Header Files</Filter>
    </ClInclude>
    <ClInclude Include="src\b_lib\icu\unicode\uldnames.h">
      <Filter>Header Files</Filter>
    </ClInclude>
    <ClInclude Include="src\b_lib\icu\unicode\ulistformatter.h">
      <Filter>Header Files</Filter>
    </ClInclude>
    <ClInclude Include="src\b_lib\icu\unicode\uloc.h">
      <Filter>Header Files</Filter>
    </ClInclude>
    <ClInclude Include="src\b_lib\icu\unicode\ulocdata.h">
      <Filter>Header Files</Filter>
    </ClInclude>
    <ClInclude Include="src\b_lib\icu\unicode\umachine.h">
      <Filter>Header Files</Filter>
    </ClInclude>
    <ClInclude Include="src\b_lib\icu\unicode\umisc.h">
      <Filter>Header Files</Filter>
    </ClInclude>
    <ClInclude Include="src\b_lib\icu\unicode\umsg.h">
      <Filter>Header Files</Filter>
    </ClInclude>
    <ClInclude Include="src\b_lib\icu\unicode\umutablecptrie.h">
      <Filter>Header Files</Filter>
    </ClInclude>
    <ClInclude Include="src\b_lib\icu\unicode\unifilt.h">
      <Filter>Header Files</Filter>
    </ClInclude>
    <ClInclude Include="src\b_lib\icu\unicode\unifunct.h">
      <Filter>Header Files</Filter>
    </ClInclude>
    <ClInclude Include="src\b_lib\icu\unicode\unimatch.h">
      <Filter>Header Files</Filter>
    </ClInclude>
    <ClInclude Include="src\b_lib\icu\unicode\unirepl.h">
      <Filter>Header Files</Filter>
    </ClInclude>
    <ClInclude Include="src\b_lib\icu\unicode\uniset.h">
      <Filter>Header Files</Filter>
    </ClInclude>
    <ClInclude Include="src\b_lib\icu\unicode\unistr.h">
      <Filter>Header Files</Filter>
    </ClInclude>
    <ClInclude Include="src\b_lib\icu\unicode\unorm.h">
      <Filter>Header Files</Filter>
    </ClInclude>
    <ClInclude Include="src\b_lib\icu\unicode\unorm2.h">
      <Filter>Header Files</Filter>
    </ClInclude>
    <ClInclude Include="src\b_lib\icu\unicode\unum.h">
      <Filter>Header Files</Filter>
    </ClInclude>
    <ClInclude Include="src\b_lib\icu\unicode\unumberformatter.h">
      <Filter>Header Files</Filter>
    </ClInclude>
    <ClInclude Include="src\b_lib\icu\unicode\unumsys.h">
      <Filter>Header Files</Filter>
    </ClInclude>
    <ClInclude Include="src\b_lib\icu\unicode\uobject.h">
      <Filter>Header Files</Filter>
    </ClInclude>
    <ClInclude Include="src\b_lib\icu\unicode\upluralrules.h">
      <Filter>Header Files</Filter>
    </ClInclude>
    <ClInclude Include="src\b_lib\icu\unicode\uregex.h">
      <Filter>Header Files</Filter>
    </ClInclude>
    <ClInclude Include="src\b_lib\icu\unicode\uregion.h">
      <Filter>Header Files</Filter>
    </ClInclude>
    <ClInclude Include="src\b_lib\icu\unicode\ureldatefmt.h">
      <Filter>Header Files</Filter>
    </ClInclude>
    <ClInclude Include="src\b_lib\icu\unicode\urename.h">
      <Filter>Header Files</Filter>
    </ClInclude>
    <ClInclude Include="src\b_lib\icu\unicode\urep.h">
      <Filter>Header Files</Filter>
    </ClInclude>
    <ClInclude Include="src\b_lib\icu\unicode\ures.h">
      <Filter>Header Files</Filter>
    </ClInclude>
    <ClInclude Include="src\b_lib\icu\unicode\uscript.h">
      <Filter>Header Files</Filter>
    </ClInclude>
    <ClInclude Include="src\b_lib\icu\unicode\usearch.h">
      <Filter>Header Files</Filter>
    </ClInclude>
    <ClInclude Include="src\b_lib\icu\unicode\uset.h">
      <Filter>Header Files</Filter>
    </ClInclude>
    <ClInclude Include="src\b_lib\icu\unicode\usetiter.h">
      <Filter>Header Files</Filter>
    </ClInclude>
    <ClInclude Include="src\b_lib\icu\unicode\ushape.h">
      <Filter>Header Files</Filter>
    </ClInclude>
    <ClInclude Include="src\b_lib\icu\unicode\uspoof.h">
      <Filter>Header Files</Filter>
    </ClInclude>
    <ClInclude Include="src\b_lib\icu\unicode\usprep.h">
      <Filter>Header Files</Filter>
    </ClInclude>
    <ClInclude Include="src\b_lib\icu\unicode\ustdio.h">
      <Filter>Header Files</Filter>
    </ClInclude>
    <ClInclude Include="src\b_lib\icu\unicode\ustream.h">
      <Filter>Header Files</Filter>
    </ClInclude>
    <ClInclude Include="src\b_lib\icu\unicode\ustring.h">
      <Filter>Header Files</Filter>
    </ClInclude>
    <ClInclude Include="src\b_lib\icu\unicode\ustringtrie.h">
      <Filter>Header Files</Filter>
    </ClInclude>
    <ClInclude Include="src\b_lib\icu\unicode\utext.h">
      <Filter>Header Files</Filter>
    </ClInclude>
    <ClInclude Include="src\b_lib\icu\unicode\utf.h">
      <Filter>Header Files</Filter>
    </ClInclude>
    <ClInclude Include="src\b_lib\icu\unicode\utf16.h">
      <Filter>Header Files</Filter>
    </ClInclude>
    <ClInclude Include="src\b_lib\icu\unicode\utf32.h">
      <Filter>Header Files</Filter>
    </ClInclude>
    <ClInclude Include="src\b_lib\icu\unicode\utf8.h">
      <Filter>Header Files</Filter>
    </ClInclude>
    <ClInclude Include="src\b_lib\icu\unicode\utf_old.h">
      <Filter>Header Files</Filter>
    </ClInclude>
    <ClInclude Include="src\b_lib\icu\unicode\utmscale.h">
      <Filter>Header Files</Filter>
    </ClInclude>
    <ClInclude Include="src\b_lib\icu\unicode\utrace.h">
      <Filter>Header Files</Filter>
    </ClInclude>
    <ClInclude Include="src\b_lib\icu\unicode\utrans.h">
      <Filter>Header Files</Filter>
    </ClInclude>
    <ClInclude Include="src\b_lib\icu\unicode\utypes.h">
      <Filter>Header Files</Filter>
    </ClInclude>
    <ClInclude Include="src\b_lib\icu\unicode\uvernum.h">
      <Filter>Header Files</Filter>
    </ClInclude>
    <ClInclude Include="src\b_lib\icu\unicode\uversion.h">
      <Filter>Header Files</Filter>
    </ClInclude>
    <ClInclude Include="src\b_lib\icu\unicode\vtzone.h">
      <Filter>Header Files</Filter>
    </ClInclude>
    <ClInclude Include="src\shaders\uniform.glsl.h">
      <Filter>Header Files</Filter>
    </ClInclude>
    <ClInclude Include="src\tracy\TracyC.h">
      <Filter>Header Files</Filter>
    </ClInclude>
    <ClInclude Include="src\tracy\Tracy.hpp">
      <Filter>Header Files</Filter>
    </ClInclude>
    <ClInclude Include="src\tracy\TracyLua.hpp">
      <Filter>Header Files</Filter>
    </ClInclude>
    <ClInclude Include="src\tracy\TracyOpenGL.hpp">
      <Filter>Header Files</Filter>
    </ClInclude>
    <ClInclude Include="src\tracy\TracyVulkan.hpp">
      <Filter>Header Files</Filter>
    </ClInclude>
    <ClInclude Include="src\tracy\capture\src\getopt.h">
      <Filter>Header Files</Filter>
    </ClInclude>
    <ClInclude Include="src\tracy\client\TracyCallstack.h">
      <Filter>Header Files</Filter>
    </ClInclude>
    <ClInclude Include="src\tracy\client\tracy_concurrentqueue.h">
      <Filter>Header Files</Filter>
    </ClInclude>
    <ClInclude Include="src\tracy\client\TracyArmCpuTable.hpp">
      <Filter>Header Files</Filter>
    </ClInclude>
    <ClInclude Include="src\tracy\client\TracyCallstack.hpp">
      <Filter>Header Files</Filter>
    </ClInclude>
    <ClInclude Include="src\tracy\client\TracyDxt1.hpp">
      <Filter>Header Files</Filter>
    </ClInclude>
    <ClInclude Include="src\tracy\client\TracyFastVector.hpp">
      <Filter>Header Files</Filter>
    </ClInclude>
    <ClInclude Include="src\tracy\client\TracyLock.hpp">
      <Filter>Header Files</Filter>
    </ClInclude>
    <ClInclude Include="src\tracy\client\TracyProfiler.hpp">
      <Filter>Header Files</Filter>
    </ClInclude>
    <ClInclude Include="src\tracy\client\TracyScoped.hpp">
      <Filter>Header Files</Filter>
    </ClInclude>
    <ClInclude Include="src\tracy\client\TracySysTime.hpp">
      <Filter>Header Files</Filter>
    </ClInclude>
    <ClInclude Include="src\tracy\client\TracySysTrace.hpp">
      <Filter>Header Files</Filter>
    </ClInclude>
    <ClInclude Include="src\tracy\client\TracySysTracePayload.hpp">
      <Filter>Header Files</Filter>
    </ClInclude>
    <ClInclude Include="src\tracy\client\TracyThread.hpp">
      <Filter>Header Files</Filter>
    </ClInclude>
    <ClInclude Include="src\tracy\client\tracy_rpmalloc.hpp">
      <Filter>Header Files</Filter>
    </ClInclude>
    <ClInclude Include="src\tracy\common\TracyApi.h">
      <Filter>Header Files</Filter>
    </ClInclude>
    <ClInclude Include="src\tracy\common\tracy_benaphore.h">
      <Filter>Header Files</Filter>
    </ClInclude>
    <ClInclude Include="src\tracy\common\tracy_sema.h">
      <Filter>Header Files</Filter>
    </ClInclude>
    <ClInclude Include="src\tracy\common\TracyAlign.hpp">
      <Filter>Header Files</Filter>
    </ClInclude>
    <ClInclude Include="src\tracy\common\TracyAlloc.hpp">
      <Filter>Header Files</Filter>
    </ClInclude>
    <ClInclude Include="src\tracy\common\TracyColor.hpp">
      <Filter>Header Files</Filter>
    </ClInclude>
    <ClInclude Include="src\tracy\common\TracyForceInline.hpp">
      <Filter>Header Files</Filter>
    </ClInclude>
    <ClInclude Include="src\tracy\common\TracyMutex.hpp">
      <Filter>Header Files</Filter>
    </ClInclude>
    <ClInclude Include="src\tracy\common\TracyProtocol.hpp">
      <Filter>Header Files</Filter>
    </ClInclude>
    <ClInclude Include="src\tracy\common\TracyQueue.hpp">
      <Filter>Header Files</Filter>
    </ClInclude>
    <ClInclude Include="src\tracy\common\TracySocket.hpp">
      <Filter>Header Files</Filter>
    </ClInclude>
    <ClInclude Include="src\tracy\common\TracySystem.hpp">
      <Filter>Header Files</Filter>
    </ClInclude>
    <ClInclude Include="src\tracy\common\tracy_lz4.hpp">
      <Filter>Header Files</Filter>
    </ClInclude>
    <ClInclude Include="src\tracy\common\tracy_lz4hc.hpp">
      <Filter>Header Files</Filter>
    </ClInclude>
    <ClInclude Include="src\tracy\examples\toypathtracer\source\Config.h">
      <Filter>Header Files</Filter>
    </ClInclude>
    <ClInclude Include="src\tracy\examples\toypathtracer\source\Maths.h">
      <Filter>Header Files</Filter>
    </ClInclude>
    <ClInclude Include="src\tracy\examples\toypathtracer\source\MathSimd.h">
      <Filter>Header Files</Filter>
    </ClInclude>
    <ClInclude Include="src\tracy\examples\toypathtracer\source\Test.h">
      <Filter>Header Files</Filter>
    </ClInclude>
    <ClInclude Include="src\tracy\examples\toypathtracer\source\enkits\Atomics.h">
      <Filter>Header Files</Filter>
    </ClInclude>
    <ClInclude Include="src\tracy\examples\toypathtracer\source\enkits\LockLessMultiReadPipe.h">
      <Filter>Header Files</Filter>
    </ClInclude>
    <ClInclude Include="src\tracy\examples\toypathtracer\source\enkits\TaskScheduler.h">
      <Filter>Header Files</Filter>
    </ClInclude>
    <ClInclude Include="src\tracy\examples\toypathtracer\source\enkits\TaskScheduler_c.h">
      <Filter>Header Files</Filter>
    </ClInclude>
    <ClInclude Include="src\tracy\examples\toypathtracer\source\enkits\Threads.h">
      <Filter>Header Files</Filter>
    </ClInclude>
    <ClInclude Include="src\tracy\imgui\imconfig.h">
      <Filter>Header Files</Filter>
    </ClInclude>
    <ClInclude Include="src\tracy\imgui\imgui.h">
      <Filter>Header Files</Filter>
    </ClInclude>
    <ClInclude Include="src\tracy\imgui\imgui_internal.h">
      <Filter>Header Files</Filter>
    </ClInclude>
    <ClInclude Include="src\tracy\imgui\imstb_rectpack.h">
      <Filter>Header Files</Filter>
    </ClInclude>
    <ClInclude Include="src\tracy\imgui\imstb_textedit.h">
      <Filter>Header Files</Filter>
    </ClInclude>
    <ClInclude Include="src\tracy\imgui\imstb_truetype.h">
      <Filter>Header Files</Filter>
    </ClInclude>
    <ClInclude Include="src\tracy\imguicolortextedit\TextEditor.h">
      <Filter>Header Files</Filter>
    </ClInclude>
    <ClInclude Include="src\tracy\import-chrome\src\json.hpp">
      <Filter>Header Files</Filter>
    </ClInclude>
    <ClInclude Include="src\tracy\libbacktrace\config.h">
      <Filter>Header Files</Filter>
    </ClInclude>
    <ClInclude Include="src\tracy\libbacktrace\backtrace.hpp">
      <Filter>Header Files</Filter>
    </ClInclude>
    <ClInclude Include="src\tracy\libbacktrace\internal.hpp">
      <Filter>Header Files</Filter>
    </ClInclude>
    <ClInclude Include="src\tracy\nfd\common.h">
      <Filter>Header Files</Filter>
    </ClInclude>
    <ClInclude Include="src\tracy\nfd\nfd.h">
      <Filter>Header Files</Filter>
    </ClInclude>
    <ClInclude Include="src\tracy\nfd\nfd_common.h">
      <Filter>Header Files</Filter>
    </ClInclude>
    <ClInclude Include="src\tracy\profiler\libs\gl3w\gl\gl3w.h">
      <Filter>Header Files</Filter>
    </ClInclude>
    <ClInclude Include="src\tracy\profiler\libs\gl3w\gl\glcorearb.h">
      <Filter>Header Files</Filter>
    </ClInclude>
    <ClInclude Include="src\tracy\profiler\src\imgui_freetype.h">
      <Filter>Header Files</Filter>
    </ClInclude>
    <ClInclude Include="src\tracy\profiler\src\imgui_impl_glfw.h">
      <Filter>Header Files</Filter>
    </ClInclude>
    <ClInclude Include="src\tracy\profiler\src\imgui_impl_opengl3.h">
      <Filter>Header Files</Filter>
    </ClInclude>
    <ClInclude Include="src\tracy\profiler\src\stb_image.h">
      <Filter>Header Files</Filter>
    </ClInclude>
    <ClInclude Include="src\tracy\profiler\src\Arimo.hpp">
      <Filter>Header Files</Filter>
    </ClInclude>
    <ClInclude Include="src\tracy\profiler\src\Cousine.hpp">
      <Filter>Header Files</Filter>
    </ClInclude>
    <ClInclude Include="src\tracy\profiler\src\FontAwesomeSolid.hpp">
      <Filter>Header Files</Filter>
    </ClInclude>
    <ClInclude Include="src\tracy\profiler\src\icon.hpp">
      <Filter>Header Files</Filter>
    </ClInclude>
    <ClInclude Include="src\tracy\profiler\src\ResolvService.hpp">
      <Filter>Header Files</Filter>
    </ClInclude>
    <ClInclude Include="src\tracy\server\IconsFontAwesome5.h">
      <Filter>Header Files</Filter>
    </ClInclude>
    <ClInclude Include="src\tracy\server\tracy_pdqsort.h">
      <Filter>Header Files</Filter>
    </ClInclude>
    <ClInclude Include="src\tracy\server\tracy_robin_hood.h">
      <Filter>Header Files</Filter>
    </ClInclude>
    <ClInclude Include="src\tracy\server\tracy_xxh3.h">
      <Filter>Header Files</Filter>
    </ClInclude>
    <ClInclude Include="src\tracy\server\tracy_xxhash.h">
      <Filter>Header Files</Filter>
    </ClInclude>
    <ClInclude Include="src\tracy\server\TracyBadVersion.hpp">
      <Filter>Header Files</Filter>
    </ClInclude>
    <ClInclude Include="src\tracy\server\TracyBuzzAnim.hpp">
      <Filter>Header Files</Filter>
    </ClInclude>
    <ClInclude Include="src\tracy\server\TracyCharUtil.hpp">
      <Filter>Header Files</Filter>
    </ClInclude>
    <ClInclude Include="src\tracy\server\TracyDecayValue.hpp">
      <Filter>Header Files</Filter>
    </ClInclude>
    <ClInclude Include="src\tracy\server\TracyEvent.hpp">
      <Filter>Header Files</Filter>
    </ClInclude>
    <ClInclude Include="src\tracy\server\TracyFileHeader.hpp">
      <Filter>Header Files</Filter>
    </ClInclude>
    <ClInclude Include="src\tracy\server\TracyFileRead.hpp">
      <Filter>Header Files</Filter>
    </ClInclude>
    <ClInclude Include="src\tracy\server\TracyFilesystem.hpp">
      <Filter>Header Files</Filter>
    </ClInclude>
    <ClInclude Include="src\tracy\server\TracyFileWrite.hpp">
      <Filter>Header Files</Filter>
    </ClInclude>
    <ClInclude Include="src\tracy\server\TracyImGui.hpp">
      <Filter>Header Files</Filter>
    </ClInclude>
    <ClInclude Include="src\tracy\server\TracyMemory.hpp">
      <Filter>Header Files</Filter>
    </ClInclude>
    <ClInclude Include="src\tracy\server\TracyMmap.hpp">
      <Filter>Header Files</Filter>
    </ClInclude>
    <ClInclude Include="src\tracy\server\TracyPopcnt.hpp">
      <Filter>Header Files</Filter>
    </ClInclude>
    <ClInclude Include="src\tracy\server\TracyPrint.hpp">
      <Filter>Header Files</Filter>
    </ClInclude>
    <ClInclude Include="src\tracy\server\TracyShortPtr.hpp">
      <Filter>Header Files</Filter>
    </ClInclude>
    <ClInclude Include="src\tracy\server\TracySlab.hpp">
      <Filter>Header Files</Filter>
    </ClInclude>
    <ClInclude Include="src\tracy\server\TracySort.hpp">
      <Filter>Header Files</Filter>
    </ClInclude>
    <ClInclude Include="src\tracy\server\TracyStorage.hpp">
      <Filter>Header Files</Filter>
    </ClInclude>
    <ClInclude Include="src\tracy\server\TracyStringDiscovery.hpp">
      <Filter>Header Files</Filter>
    </ClInclude>
    <ClInclude Include="src\tracy\server\TracyTaskDispatch.hpp">
      <Filter>Header Files</Filter>
    </ClInclude>
    <ClInclude Include="src\tracy\server\TracyTexture.hpp">
      <Filter>Header Files</Filter>
    </ClInclude>
    <ClInclude Include="src\tracy\server\TracyThreadCompress.hpp">
      <Filter>Header Files</Filter>
    </ClInclude>
    <ClInclude Include="src\tracy\server\TracyUserData.hpp">
      <Filter>Header Files</Filter>
    </ClInclude>
    <ClInclude Include="src\tracy\server\TracyVarArray.hpp">
      <Filter>Header Files</Filter>
    </ClInclude>
    <ClInclude Include="src\tracy\server\TracyVector.hpp">
      <Filter>Header Files</Filter>
    </ClInclude>
    <ClInclude Include="src\tracy\server\TracyVersion.hpp">
      <Filter>Header Files</Filter>
    </ClInclude>
    <ClInclude Include="src\tracy\server\TracyView.hpp">
      <Filter>Header Files</Filter>
    </ClInclude>
    <ClInclude Include="src\tracy\server\TracyViewData.hpp">
      <Filter>Header Files</Filter>
    </ClInclude>
    <ClInclude Include="src\tracy\server\TracyWorker.hpp">
      <Filter>Header Files</Filter>
    </ClInclude>
    <ClInclude Include="src\tracy\server\TracyYield.hpp">
      <Filter>Header Files</Filter>
    </ClInclude>
    <ClInclude Include="src\tracy\test\stb_image.h">
      <Filter>Header Files</Filter>
    </ClInclude>
    <ClInclude Include="src\tracy\zstd\bitstream.h">
      <Filter>Header Files</Filter>
    </ClInclude>
    <ClInclude Include="src\tracy\zstd\compiler.h">
      <Filter>Header Files</Filter>
    </ClInclude>
    <ClInclude Include="src\tracy\zstd\cpu.h">
      <Filter>Header Files</Filter>
    </ClInclude>
    <ClInclude Include="src\tracy\zstd\debug.h">
      <Filter>Header Files</Filter>
    </ClInclude>
    <ClInclude Include="src\tracy\zstd\error_private.h">
      <Filter>Header Files</Filter>
    </ClInclude>
    <ClInclude Include="src\tracy\zstd\fse.h">
      <Filter>Header Files</Filter>
    </ClInclude>
    <ClInclude Include="src\tracy\zstd\hist.h">
      <Filter>Header Files</Filter>
    </ClInclude>
    <ClInclude Include="src\tracy\zstd\huf.h">
      <Filter>Header Files</Filter>
    </ClInclude>
    <ClInclude Include="src\tracy\zstd\mem.h">
      <Filter>Header Files</Filter>
    </ClInclude>
    <ClInclude Include="src\tracy\zstd\pool.h">
      <Filter>Header Files</Filter>
    </ClInclude>
    <ClInclude Include="src\tracy\zstd\threading.h">
      <Filter>Header Files</Filter>
    </ClInclude>
    <ClInclude Include="src\tracy\zstd\xxhash.h">
      <Filter>Header Files</Filter>
    </ClInclude>
    <ClInclude Include="src\tracy\zstd\zstd.h">
      <Filter>Header Files</Filter>
    </ClInclude>
    <ClInclude Include="src\tracy\zstd\zstdmt_compress.h">
      <Filter>Header Files</Filter>
    </ClInclude>
    <ClInclude Include="src\tracy\zstd\zstd_compress_internal.h">
      <Filter>Header Files</Filter>
    </ClInclude>
    <ClInclude Include="src\tracy\zstd\zstd_compress_literals.h">
      <Filter>Header Files</Filter>
    </ClInclude>
    <ClInclude Include="src\tracy\zstd\zstd_compress_sequences.h">
      <Filter>Header Files</Filter>
    </ClInclude>
    <ClInclude Include="src\tracy\zstd\zstd_compress_superblock.h">
      <Filter>Header Files</Filter>
    </ClInclude>
    <ClInclude Include="src\tracy\zstd\zstd_cwksp.h">
      <Filter>Header Files</Filter>
    </ClInclude>
    <ClInclude Include="src\tracy\zstd\zstd_ddict.h">
      <Filter>Header Files</Filter>
    </ClInclude>
    <ClInclude Include="src\tracy\zstd\zstd_decompress_block.h">
      <Filter>Header Files</Filter>
    </ClInclude>
    <ClInclude Include="src\tracy\zstd\zstd_decompress_internal.h">
      <Filter>Header Files</Filter>
    </ClInclude>
    <ClInclude Include="src\tracy\zstd\zstd_double_fast.h">
      <Filter>Header Files</Filter>
    </ClInclude>
    <ClInclude Include="src\tracy\zstd\zstd_errors.h">
      <Filter>Header Files</Filter>
    </ClInclude>
    <ClInclude Include="src\tracy\zstd\zstd_fast.h">
      <Filter>Header Files</Filter>
    </ClInclude>
    <ClInclude Include="src\tracy\zstd\zstd_internal.h">
      <Filter>Header Files</Filter>
    </ClInclude>
    <ClInclude Include="src\tracy\zstd\zstd_lazy.h">
      <Filter>Header Files</Filter>
    </ClInclude>
    <ClInclude Include="src\tracy\zstd\zstd_ldm.h">
      <Filter>Header Files</Filter>
    </ClInclude>
    <ClInclude Include="src\tracy\zstd\zstd_opt.h">
      <Filter>Header Files</Filter>
    </ClInclude>
    <ClInclude Include="src\vulkan\GLSL.std.450.h">
      <Filter>Header Files</Filter>
    </ClInclude>
    <ClInclude Include="src\vulkan\spirv.h">
      <Filter>Header Files</Filter>
    </ClInclude>
    <ClInclude Include="src\vulkan\vk_icd.h">
      <Filter>Header Files</Filter>
    </ClInclude>
    <ClInclude Include="src\vulkan\vk_layer.h">
      <Filter>Header Files</Filter>
    </ClInclude>
    <ClInclude Include="src\vulkan\vk_platform.h">
      <Filter>Header Files</Filter>
    </ClInclude>
    <ClInclude Include="src\vulkan\vk_sdk_platform.h">
      <Filter>Header Files</Filter>
    </ClInclude>
    <ClInclude Include="src\vulkan\vulkan.h">
      <Filter>Header Files</Filter>
    </ClInclude>
    <ClInclude Include="src\vulkan\vulkan_android.h">
      <Filter>Header Files</Filter>
    </ClInclude>
    <ClInclude Include="src\vulkan\vulkan_core.h">
      <Filter>Header Files</Filter>
    </ClInclude>
    <ClInclude Include="src\vulkan\vulkan_fuchsia.h">
      <Filter>Header Files</Filter>
    </ClInclude>
    <ClInclude Include="src\vulkan\vulkan_ggp.h">
      <Filter>Header Files</Filter>
    </ClInclude>
    <ClInclude Include="src\vulkan\vulkan_ios.h">
      <Filter>Header Files</Filter>
    </ClInclude>
    <ClInclude Include="src\vulkan\vulkan_macos.h">
      <Filter>Header Files</Filter>
    </ClInclude>
    <ClInclude Include="src\vulkan\vulkan_metal.h">
      <Filter>Header Files</Filter>
    </ClInclude>
    <ClInclude Include="src\vulkan\vulkan_vi.h">
      <Filter>Header Files</Filter>
    </ClInclude>
    <ClInclude Include="src\vulkan\vulkan_wayland.h">
      <Filter>Header Files</Filter>
    </ClInclude>
    <ClInclude Include="src\vulkan\vulkan_win32.h">
      <Filter>Header Files</Filter>
    </ClInclude>
    <ClInclude Include="src\vulkan\vulkan_xcb.h">
      <Filter>Header Files</Filter>
    </ClInclude>
    <ClInclude Include="src\vulkan\vulkan_xlib.h">
      <Filter>Header Files</Filter>
    </ClInclude>
    <ClInclude Include="src\vulkan\vulkan_xlib_xrandr.h">
      <Filter>Header Files</Filter>
    </ClInclude>
    <ClInclude Include="src\vulkan\spirv.hpp">
      <Filter>Header Files</Filter>
    </ClInclude>
    <ClInclude Include="src\vulkan\vulkan.hpp">
      <Filter>Header Files</Filter>
    </ClInclude>
  </ItemGroup>
  <ItemGroup>
    <ResourceCompile Include="src\tracy\profiler\build\win32\Tracy.rc">
      <Filter>Resource Files</Filter>
    </ResourceCompile>
  </ItemGroup>
</Project>